
Microsoft Visual Studio Solution File, Format Version 12.00
# Visual Studio Version 17
VisualStudioVersion = 17.7.34202.233
MinimumVisualStudioVersion = 10.0.40219.1
Project("{9A19103F-16F7-4668-BE54-9A1E7A4F7556}") = "Feast.CodeAnalysis.SourceGenerators", "Feast.CodeAnalysis.SourceGenerators\Feast.CodeAnalysis.SourceGenerators.csproj", "{DF6B52B6-2C70-4B5D-B4A1-4356B7DEE5EE}"
EndProject
Project("{9A19103F-16F7-4668-BE54-9A1E7A4F7556}") = "Feast.CodeAnalysis", "Feast.CodeAnalysis\Feast.CodeAnalysis.csproj", "{8287ACF9-8349-4A86-8221-EECEDDF27D84}"
EndProject
Project("{9A19103F-16F7-4668-BE54-9A1E7A4F7556}") = "Feast.CodeAnalysis.Tests", "Feast.CodeAnalysis.Tests\Feast.CodeAnalysis.Tests.csproj", "{AD061A24-29A1-4C70-94AE-C882EC0AA205}"
EndProject
Project("{9A19103F-16F7-4668-BE54-9A1E7A4F7556}") = "Feast.CodeAnalysis.TestGenerator", "Feast.CodeAnalysis.TestGenerator\Feast.CodeAnalysis.TestGenerator.csproj", "{56D98C16-A763-4CF8-B9EF-39FDD176C5B6}"
EndProject
Project("{D954291E-2A0B-460D-934E-DC6B0785DB48}") = "Feast.CodeAnalysis.Shared", "Feast.CodeAnalysis.Shared\Feast.CodeAnalysis.Shared.shproj", "{BBB1A609-763C-4529-9FB9-365A9D3B383A}"
EndProject
Project("{9A19103F-16F7-4668-BE54-9A1E7A4F7556}") = "Feast.CodeAnalysis.LiteralGenerator", "Feast.CodeAnalysis.LiteralGenerator\Feast.CodeAnalysis.LiteralGenerator.csproj", "{40DB7380-D677-44DD-BB6B-73CD04EABA4F}"
EndProject
Project("{2150E333-8FDC-42A3-9474-1A3956D46DE8}") = "_", "_", "{0D81B43B-56BD-4560-99D1-99BC976F463D}"
	ProjectSection(SolutionItems) = preProject
		..\doc\Logo.ico = ..\doc\Logo.ico
		..\README.md = ..\README.md
	EndProjectSection
EndProject
Project("{FAE04EC0-301F-11D3-BF4B-00C04F79EFBC}") = "Feast.CodeAnalysis.Literal", "Feast.CodeAnalysis.Literal\Feast.CodeAnalysis.Literal.csproj", "{BB1A4D28-818D-4427-AC7E-E13CDC8AB8E9}"
EndProject
Project("{FAE04EC0-301F-11D3-BF4B-00C04F79EFBC}") = "Feast.CodeAnalysis.ScriptingGenerator", "Feast.CodeAnalysis.ScriptingGenerator\Feast.CodeAnalysis.ScriptingGenerator.csproj", "{5DD567DB-214F-48A3-87F9-3D9FD2AC57D2}"
EndProject
Project("{FAE04EC0-301F-11D3-BF4B-00C04F79EFBC}") = "Feast.CodeAnalysis.Scripting", "Feast.CodeAnalysis.Scripting\Feast.CodeAnalysis.Scripting.csproj", "{0E3DF60C-54D4-484A-9C37-513943EDB92C}"
EndProject
Global
	GlobalSection(SolutionConfigurationPlatforms) = preSolution
		Debug|Any CPU = Debug|Any CPU
		Release|Any CPU = Release|Any CPU
	EndGlobalSection
	GlobalSection(ProjectConfigurationPlatforms) = postSolution
		{DF6B52B6-2C70-4B5D-B4A1-4356B7DEE5EE}.Debug|Any CPU.ActiveCfg = Debug|Any CPU
		{DF6B52B6-2C70-4B5D-B4A1-4356B7DEE5EE}.Debug|Any CPU.Build.0 = Debug|Any CPU
		{DF6B52B6-2C70-4B5D-B4A1-4356B7DEE5EE}.Release|Any CPU.ActiveCfg = Release|Any CPU
		{DF6B52B6-2C70-4B5D-B4A1-4356B7DEE5EE}.Release|Any CPU.Build.0 = Release|Any CPU
		{8287ACF9-8349-4A86-8221-EECEDDF27D84}.Debug|Any CPU.ActiveCfg = Debug|Any CPU
		{8287ACF9-8349-4A86-8221-EECEDDF27D84}.Debug|Any CPU.Build.0 = Debug|Any CPU
		{8287ACF9-8349-4A86-8221-EECEDDF27D84}.Release|Any CPU.ActiveCfg = Release|Any CPU
		{8287ACF9-8349-4A86-8221-EECEDDF27D84}.Release|Any CPU.Build.0 = Release|Any CPU
		{AD061A24-29A1-4C70-94AE-C882EC0AA205}.Debug|Any CPU.ActiveCfg = Debug|Any CPU
		{AD061A24-29A1-4C70-94AE-C882EC0AA205}.Debug|Any CPU.Build.0 = Debug|Any CPU
		{AD061A24-29A1-4C70-94AE-C882EC0AA205}.Release|Any CPU.ActiveCfg = Release|Any CPU
		{AD061A24-29A1-4C70-94AE-C882EC0AA205}.Release|Any CPU.Build.0 = Release|Any CPU
		{56D98C16-A763-4CF8-B9EF-39FDD176C5B6}.Debug|Any CPU.ActiveCfg = Debug|Any CPU
		{56D98C16-A763-4CF8-B9EF-39FDD176C5B6}.Debug|Any CPU.Build.0 = Debug|Any CPU
		{56D98C16-A763-4CF8-B9EF-39FDD176C5B6}.Release|Any CPU.ActiveCfg = Release|Any CPU
		{56D98C16-A763-4CF8-B9EF-39FDD176C5B6}.Release|Any CPU.Build.0 = Release|Any CPU
		{40DB7380-D677-44DD-BB6B-73CD04EABA4F}.Debug|Any CPU.ActiveCfg = Debug|Any CPU
		{40DB7380-D677-44DD-BB6B-73CD04EABA4F}.Debug|Any CPU.Build.0 = Debug|Any CPU
		{40DB7380-D677-44DD-BB6B-73CD04EABA4F}.Release|Any CPU.ActiveCfg = Release|Any CPU
		{40DB7380-D677-44DD-BB6B-73CD04EABA4F}.Release|Any CPU.Build.0 = Release|Any CPU
		{BB1A4D28-818D-4427-AC7E-E13CDC8AB8E9}.Debug|Any CPU.ActiveCfg = Debug|Any CPU
		{BB1A4D28-818D-4427-AC7E-E13CDC8AB8E9}.Debug|Any CPU.Build.0 = Debug|Any CPU
		{BB1A4D28-818D-4427-AC7E-E13CDC8AB8E9}.Release|Any CPU.ActiveCfg = Release|Any CPU
		{BB1A4D28-818D-4427-AC7E-E13CDC8AB8E9}.Release|Any CPU.Build.0 = Release|Any CPU
		{5DD567DB-214F-48A3-87F9-3D9FD2AC57D2}.Debug|Any CPU.ActiveCfg = Debug|Any CPU
		{5DD567DB-214F-48A3-87F9-3D9FD2AC57D2}.Debug|Any CPU.Build.0 = Debug|Any CPU
		{5DD567DB-214F-48A3-87F9-3D9FD2AC57D2}.Release|Any CPU.ActiveCfg = Release|Any CPU
		{5DD567DB-214F-48A3-87F9-3D9FD2AC57D2}.Release|Any CPU.Build.0 = Release|Any CPU
		{0E3DF60C-54D4-484A-9C37-513943EDB92C}.Debug|Any CPU.ActiveCfg = Debug|Any CPU
		{0E3DF60C-54D4-484A-9C37-513943EDB92C}.Debug|Any CPU.Build.0 = Debug|Any CPU
		{0E3DF60C-54D4-484A-9C37-513943EDB92C}.Release|Any CPU.ActiveCfg = Release|Any CPU
		{0E3DF60C-54D4-484A-9C37-513943EDB92C}.Release|Any CPU.Build.0 = Release|Any CPU
	EndGlobalSection
	GlobalSection(SolutionProperties) = preSolution
		HideSolutionNode = FALSE
	EndGlobalSection
	GlobalSection(SharedMSBuildProjectFiles) = preSolution
		Feast.CodeAnalysis.Shared\Feast.CodeAnalysis.Shared.projitems*{40db7380-d677-44dd-bb6b-73cd04eaba4f}*SharedItemsImports = 5
		Feast.CodeAnalysis.Shared\Feast.CodeAnalysis.Shared.projitems*{bbb1a609-763c-4529-9fb9-365a9d3b383a}*SharedItemsImports = 13
		Feast.CodeAnalysis.Shared\Feast.CodeAnalysis.Shared.projitems*{df6b52b6-2c70-4b5d-b4a1-4356b7dee5ee}*SharedItemsImports = 5
	EndGlobalSection
EndGlobal
